# THIS IS AN AUTOGENERATED FILE. DO NOT EDIT THIS FILE DIRECTLY.
# yarn lockfile v1


esbuild@^0.8.17:
  version "0.8.17"
  resolved "https://registry.yarnpkg.com/esbuild/-/esbuild-0.8.17.tgz#1c16c6d5988dcfdcf27a7e1612b7fd05e1477c54"
  integrity sha512-ReHap+Iyn5BQF0B8F3xrLwu+j57ri5uDUw2ej9XTPAuFDebYiWwRzBY4jhF610bklveXLbCGim/8/2wQKQlu1w==
